
Microsoft Visual Studio Solution File, Format Version 12.00
# Visual Studio Version 17
VisualStudioVersion = 17.8.34309.116
MinimumVisualStudioVersion = 10.0.40219.1
Project("{9A19103F-16F7-4668-BE54-9A1E7A4F7556}") = "AdelieLovelyPluginBunyItems", "AdelieLovelyPluginBunyItems.csproj", "{B4C1A836-ADA1-4835-AFFF-2B732E61F107}"
EndProject
Global
	GlobalSection(SolutionConfigurationPlatforms) = preSolution
		Debug|Any CPU = Debug|Any CPU
		Release|Any CPU = Release|Any CPU
	EndGlobalSection
	GlobalSection(ProjectConfigurationPlatforms) = postSolution
		{B4C1A836-ADA1-4835-AFFF-2B732E61F107}.Debug|Any CPU.ActiveCfg = Debug|Any CPU
		{B4C1A836-ADA1-4835-AFFF-2B732E61F107}.Debug|Any CPU.Build.0 = Debug|Any CPU
		{B4C1A836-ADA1-4835-AFFF-2B732E61F107}.Release|Any CPU.ActiveCfg = Release|Any CPU
		{B4C1A836-ADA1-4835-AFFF-2B732E61F107}.Release|Any CPU.Build.0 = Release|Any CPU
	EndGlobalSection
	GlobalSection(SolutionProperties) = preSolution
		HideSolutionNode = FALSE
	EndGlobalSection
	GlobalSection(ExtensibilityGlobals) = postSolution
		SolutionGuid = {86F4FCFE-BAB0-4717-B3EC-A0D199786302}
	EndGlobalSection
EndGlobal
